Microsoft Visual Studio Solution File, Format Version 7.00
Project("{FAE04EC0-301F-11D3-BF4B-00C04F79EFBC}") = "MessageTest1", "MessageTest1.csproj", "{741BCC1B-5E7D-478C-9045-AC8B47E9AB8E}"
EndProject
Project("{FAE04EC0-301F-11D3-BF4B-00C04F79EFBC}") = "PubTest1", "..\PubTest1\PubTest1.csproj", "{F4326959-F2E9-4AE7-853A-7F0612ADACE7}"
EndProject
Project("{FAE04EC0-301F-11D3-BF4B-00C04F79EFBC}") = "SubTest1", "..\SubTest1\SubTest1.csproj", "{94FCFD17-1A84-4896-810B-AC96A6B9866C}"
EndProject
Project("{FAE04EC0-301F-11D3-BF4B-00C04F79EFBC}") = "SubTest2", "..\SubTest2\SubTest2.csproj", "{1C4C3212-693E-45BD-983A-C8C74D83A167}"
EndProject
Global
	GlobalSection(DevPartner Solution Properties) = postSolution
	EndGlobalSection
	GlobalSection(SolutionConfiguration) = preSolution
		ConfigName.0 = Debug
		ConfigName.1 = Release
	EndGlobalSection
	GlobalSection(ProjectDependencies) = postSolution
	EndGlobalSection
	GlobalSection(ProjectConfiguration) = postSolution
		{741BCC1B-5E7D-478C-9045-AC8B47E9AB8E}.Debug.ActiveCfg = Debug|.NET
		{741BCC1B-5E7D-478C-9045-AC8B47E9AB8E}.Debug.Build.0 = Debug|.NET
		{741BCC1B-5E7D-478C-9045-AC8B47E9AB8E}.Release.ActiveCfg = Release|.NET
		{741BCC1B-5E7D-478C-9045-AC8B47E9AB8E}.Release.Build.0 = Release|.NET
		{F4326959-F2E9-4AE7-853A-7F0612ADACE7}.Debug.ActiveCfg = Debug|.NET
		{F4326959-F2E9-4AE7-853A-7F0612ADACE7}.Debug.Build.0 = Debug|.NET
		{F4326959-F2E9-4AE7-853A-7F0612ADACE7}.Release.ActiveCfg = Release|.NET
		{F4326959-F2E9-4AE7-853A-7F0612ADACE7}.Release.Build.0 = Release|.NET
		{94FCFD17-1A84-4896-810B-AC96A6B9866C}.Debug.ActiveCfg = Debug|.NET
		{94FCFD17-1A84-4896-810B-AC96A6B9866C}.Debug.Build.0 = Debug|.NET
		{94FCFD17-1A84-4896-810B-AC96A6B9866C}.Release.ActiveCfg = Release|.NET
		{94FCFD17-1A84-4896-810B-AC96A6B9866C}.Release.Build.0 = Release|.NET
		{1C4C3212-693E-45BD-983A-C8C74D83A167}.Debug.ActiveCfg = Debug|.NET
		{1C4C3212-693E-45BD-983A-C8C74D83A167}.Debug.Build.0 = Debug|.NET
		{1C4C3212-693E-45BD-983A-C8C74D83A167}.Release.ActiveCfg = Release|.NET
		{1C4C3212-693E-45BD-983A-C8C74D83A167}.Release.Build.0 = Release|.NET
	EndGlobalSection
	GlobalSection(ExtensibilityGlobals) = postSolution
	EndGlobalSection
	GlobalSection(ExtensibilityAddIns) = postSolution
	EndGlobalSection
	GlobalSection(DevPartner) = postSolution
	EndGlobalSection
EndGlobal
