Microsoft Visual Studio Solution File, Format Version 7.00
Project("{8BC9CEB8-8B4A-11D0-8D11-00A0C91BC942}") = "LibKNCpp", "..\cpp7\LibKNCpp.vcproj", "{32A86399-D2DC-45BD-AFAB-22B3B456D5D0}"
EndProject
Project("{8BC9CEB8-8B4A-11D0-8D11-00A0C91BC942}") = "LibKNDotNet", "..\DotNet\LibKNDotNet.vcproj", "{A6A834FD-35E7-4C24-9FE5-AF7061719DE6}"
EndProject
Project("{FAE04EC0-301F-11D3-BF4B-00C04F79EFBC}") = "MessageTest1", "..\DotNet\MessageTest1\MessageTest1.csproj", "{741BCC1B-5E7D-478C-9045-AC8B47E9AB8E}"
EndProject
Project("{FAE04EC0-301F-11D3-BF4B-00C04F79EFBC}") = "PubTest1", "..\DotNet\PubTest1\PubTest1.csproj", "{F4326959-F2E9-4AE7-853A-7F0612ADACE7}"
EndProject
Project("{FAE04EC0-301F-11D3-BF4B-00C04F79EFBC}") = "SubTest1", "..\DotNet\SubTest1\SubTest1.csproj", "{94FCFD17-1A84-4896-810B-AC96A6B9866C}"
EndProject
Project("{FAE04EC0-301F-11D3-BF4B-00C04F79EFBC}") = "SubTest2", "..\DotNet\SubTest2\SubTest2.csproj", "{1C4C3212-693E-45BD-983A-C8C74D83A167}"
EndProject
Project("{FAE04EC0-301F-11D3-BF4B-00C04F79EFBC}") = "PubTestMT", "..\DotNet\PubTestMT\PubTestMT.csproj", "{0E18282D-D567-40DE-B938-D6DD6955B619}"
EndProject
Global
	GlobalSection(DevPartner Solution Properties) = postSolution
	EndGlobalSection
	GlobalSection(SolutionConfiguration) = preSolution
		ConfigName.0 = Debug
		ConfigName.1 = Release
	EndGlobalSection
	GlobalSection(ProjectDependencies) = postSolution
		{A6A834FD-35E7-4C24-9FE5-AF7061719DE6}.0 = {32A86399-D2DC-45BD-AFAB-22B3B456D5D0}
		{741BCC1B-5E7D-478C-9045-AC8B47E9AB8E}.0 = {A6A834FD-35E7-4C24-9FE5-AF7061719DE6}
		{F4326959-F2E9-4AE7-853A-7F0612ADACE7}.0 = {A6A834FD-35E7-4C24-9FE5-AF7061719DE6}
		{94FCFD17-1A84-4896-810B-AC96A6B9866C}.0 = {A6A834FD-35E7-4C24-9FE5-AF7061719DE6}
		{1C4C3212-693E-45BD-983A-C8C74D83A167}.0 = {A6A834FD-35E7-4C24-9FE5-AF7061719DE6}
	EndGlobalSection
	GlobalSection(ProjectConfiguration) = postSolution
		{32A86399-D2DC-45BD-AFAB-22B3B456D5D0}.Debug.ActiveCfg = Debug|Win32
		{32A86399-D2DC-45BD-AFAB-22B3B456D5D0}.Debug.Build.0 = Debug|Win32
		{32A86399-D2DC-45BD-AFAB-22B3B456D5D0}.Release.ActiveCfg = Release|Win32
		{32A86399-D2DC-45BD-AFAB-22B3B456D5D0}.Release.Build.0 = Release|Win32
		{A6A834FD-35E7-4C24-9FE5-AF7061719DE6}.Debug.ActiveCfg = Debug|Win32
		{A6A834FD-35E7-4C24-9FE5-AF7061719DE6}.Debug.Build.0 = Debug|Win32
		{A6A834FD-35E7-4C24-9FE5-AF7061719DE6}.Release.ActiveCfg = Release|Win32
		{A6A834FD-35E7-4C24-9FE5-AF7061719DE6}.Release.Build.0 = Release|Win32
		{741BCC1B-5E7D-478C-9045-AC8B47E9AB8E}.Debug.ActiveCfg = Debug|.NET
		{741BCC1B-5E7D-478C-9045-AC8B47E9AB8E}.Debug.Build.0 = Debug|.NET
		{741BCC1B-5E7D-478C-9045-AC8B47E9AB8E}.Release.ActiveCfg = Release|.NET
		{741BCC1B-5E7D-478C-9045-AC8B47E9AB8E}.Release.Build.0 = Release|.NET
		{F4326959-F2E9-4AE7-853A-7F0612ADACE7}.Debug.ActiveCfg = Debug|.NET
		{F4326959-F2E9-4AE7-853A-7F0612ADACE7}.Debug.Build.0 = Debug|.NET
		{F4326959-F2E9-4AE7-853A-7F0612ADACE7}.Release.ActiveCfg = Release|.NET
		{F4326959-F2E9-4AE7-853A-7F0612ADACE7}.Release.Build.0 = Release|.NET
		{94FCFD17-1A84-4896-810B-AC96A6B9866C}.Debug.ActiveCfg = Debug|.NET
		{94FCFD17-1A84-4896-810B-AC96A6B9866C}.Debug.Build.0 = Debug|.NET
		{94FCFD17-1A84-4896-810B-AC96A6B9866C}.Release.ActiveCfg = Release|.NET
		{94FCFD17-1A84-4896-810B-AC96A6B9866C}.Release.Build.0 = Release|.NET
		{1C4C3212-693E-45BD-983A-C8C74D83A167}.Debug.ActiveCfg = Debug|.NET
		{1C4C3212-693E-45BD-983A-C8C74D83A167}.Debug.Build.0 = Debug|.NET
		{1C4C3212-693E-45BD-983A-C8C74D83A167}.Release.ActiveCfg = Release|.NET
		{1C4C3212-693E-45BD-983A-C8C74D83A167}.Release.Build.0 = Release|.NET
		{0E18282D-D567-40DE-B938-D6DD6955B619}.Debug.ActiveCfg = Debug|.NET
		{0E18282D-D567-40DE-B938-D6DD6955B619}.Debug.Build.0 = Debug|.NET
		{0E18282D-D567-40DE-B938-D6DD6955B619}.Release.ActiveCfg = Release|.NET
		{0E18282D-D567-40DE-B938-D6DD6955B619}.Release.Build.0 = Release|.NET
	EndGlobalSection
	GlobalSection(ExtensibilityGlobals) = postSolution
	EndGlobalSection
	GlobalSection(ExtensibilityAddIns) = postSolution
	EndGlobalSection
	GlobalSection(DevPartner) = postSolution
	EndGlobalSection
	GlobalSection(DevPartner) = postSolution
	EndGlobalSection
EndGlobal
