Microsoft Visual Studio Solution File, Format Version 7.00
Project("{8BC9CEB8-8B4A-11D0-8D11-00A0C91BC942}") = "LibKNCpp", "..\cpp7\LibKNCpp.vcproj", "{32A86399-D2DC-45BD-AFAB-22B3B456D5D0}"
EndProject
Project("{8BC9CEB8-8B4A-11D0-8D11-00A0C91BC942}") = "LibKNDotNet", "..\DotNet\LibKNDotNet.vcproj", "{A6A834FD-35E7-4C24-9FE5-AF7061719DE6}"
EndProject
Project("{FAE04EC0-301F-11D3-BF4B-00C04F79EFBC}") = "MessageTest1", "..\Tests\dotnet\MessageTest1\MessageTest1.csproj", "{741BCC1B-5E7D-478C-9045-AC8B47E9AB8E}"
EndProject
Project("{FAE04EC0-301F-11D3-BF4B-00C04F79EFBC}") = "PubTest1", "..\Tests\dotnet\PubTest1\PubTest1.csproj", "{F4326959-F2E9-4AE7-853A-7F0612ADACE7}"
EndProject
Project("{FAE04EC0-301F-11D3-BF4B-00C04F79EFBC}") = "PubTestMT", "..\Tests\dotnet\PubTestMT\PubTestMT.csproj", "{0E18282D-D567-40DE-B938-D6DD6955B619}"
EndProject
Project("{FAE04EC0-301F-11D3-BF4B-00C04F79EFBC}") = "SubTest1", "..\Tests\dotnet\SubTest1\SubTest1.csproj", "{94FCFD17-1A84-4896-810B-AC96A6B9866C}"
EndProject
Project("{FAE04EC0-301F-11D3-BF4B-00C04F79EFBC}") = "SubTest2", "..\Tests\dotnet\SubTest2\SubTest2.csproj", "{1C4C3212-693E-45BD-983A-C8C74D83A167}"
EndProject
Project("{FAE04EC0-301F-11D3-BF4B-00C04F79EFBC}") = "SubTestMT", "..\Tests\dotnet\SubTestMT\SubTestMT.csproj", "{6465D629-921D-4725-840E-EC4D5C583B6D}"
EndProject
Project("{FAE04EC0-301F-11D3-BF4B-00C04F79EFBC}") = "RssPub.Net", "..\Apps\RssPub.Net\RssPub.Net.csproj", "{C741B0D0-FFAF-428E-AFCE-191EBB3AA1FE}"
EndProject
Project("{8BC9CEB8-8B4A-11D0-8D11-00A0C91BC942}") = "LibKNCom", "..\ComWin32_7\LibKNCom.vcproj", "{66C11FCE-20B9-467A-8023-8D30F7D0EF5B}"
EndProject
Global
	GlobalSection(DevPartner Solution Properties) = postSolution
	EndGlobalSection
	GlobalSection(SolutionConfiguration) = preSolution
		ConfigName.0 = Debug
		ConfigName.1 = Release
		ConfigName.2 = Release MinDependency
		ConfigName.3 = Release MinSize
	EndGlobalSection
	GlobalSection(ProjectDependencies) = postSolution
		{A6A834FD-35E7-4C24-9FE5-AF7061719DE6}.0 = {32A86399-D2DC-45BD-AFAB-22B3B456D5D0}
		{741BCC1B-5E7D-478C-9045-AC8B47E9AB8E}.0 = {A6A834FD-35E7-4C24-9FE5-AF7061719DE6}
		{741BCC1B-5E7D-478C-9045-AC8B47E9AB8E}.1 = {A6A834FD-35E7-4C24-9FE5-AF7061719DE6}
		{F4326959-F2E9-4AE7-853A-7F0612ADACE7}.0 = {A6A834FD-35E7-4C24-9FE5-AF7061719DE6}
		{F4326959-F2E9-4AE7-853A-7F0612ADACE7}.1 = {A6A834FD-35E7-4C24-9FE5-AF7061719DE6}
		{0E18282D-D567-40DE-B938-D6DD6955B619}.0 = {A6A834FD-35E7-4C24-9FE5-AF7061719DE6}
		{0E18282D-D567-40DE-B938-D6DD6955B619}.1 = {A6A834FD-35E7-4C24-9FE5-AF7061719DE6}
		{94FCFD17-1A84-4896-810B-AC96A6B9866C}.0 = {A6A834FD-35E7-4C24-9FE5-AF7061719DE6}
		{94FCFD17-1A84-4896-810B-AC96A6B9866C}.1 = {A6A834FD-35E7-4C24-9FE5-AF7061719DE6}
		{1C4C3212-693E-45BD-983A-C8C74D83A167}.0 = {A6A834FD-35E7-4C24-9FE5-AF7061719DE6}
		{1C4C3212-693E-45BD-983A-C8C74D83A167}.1 = {A6A834FD-35E7-4C24-9FE5-AF7061719DE6}
		{6465D629-921D-4725-840E-EC4D5C583B6D}.0 = {A6A834FD-35E7-4C24-9FE5-AF7061719DE6}
		{6465D629-921D-4725-840E-EC4D5C583B6D}.1 = {A6A834FD-35E7-4C24-9FE5-AF7061719DE6}
		{C741B0D0-FFAF-428E-AFCE-191EBB3AA1FE}.0 = {A6A834FD-35E7-4C24-9FE5-AF7061719DE6}
		{C741B0D0-FFAF-428E-AFCE-191EBB3AA1FE}.1 = {A6A834FD-35E7-4C24-9FE5-AF7061719DE6}
		{66C11FCE-20B9-467A-8023-8D30F7D0EF5B}.0 = {32A86399-D2DC-45BD-AFAB-22B3B456D5D0}
	EndGlobalSection
	GlobalSection(ProjectConfiguration) = postSolution
		{32A86399-D2DC-45BD-AFAB-22B3B456D5D0}.Debug.ActiveCfg = Debug|Win32
		{32A86399-D2DC-45BD-AFAB-22B3B456D5D0}.Debug.Build.0 = Debug|Win32
		{32A86399-D2DC-45BD-AFAB-22B3B456D5D0}.Release.ActiveCfg = Release|Win32
		{32A86399-D2DC-45BD-AFAB-22B3B456D5D0}.Release.Build.0 = Release|Win32
		{32A86399-D2DC-45BD-AFAB-22B3B456D5D0}.Release MinDependency.ActiveCfg = Release|Win32
		{32A86399-D2DC-45BD-AFAB-22B3B456D5D0}.Release MinDependency.Build.0 = Release|Win32
		{32A86399-D2DC-45BD-AFAB-22B3B456D5D0}.Release MinSize.ActiveCfg = Release|Win32
		{32A86399-D2DC-45BD-AFAB-22B3B456D5D0}.Release MinSize.Build.0 = Release|Win32
		{A6A834FD-35E7-4C24-9FE5-AF7061719DE6}.Debug.ActiveCfg = Debug|Win32
		{A6A834FD-35E7-4C24-9FE5-AF7061719DE6}.Debug.Build.0 = Debug|Win32
		{A6A834FD-35E7-4C24-9FE5-AF7061719DE6}.Release.ActiveCfg = Release|Win32
		{A6A834FD-35E7-4C24-9FE5-AF7061719DE6}.Release.Build.0 = Release|Win32
		{A6A834FD-35E7-4C24-9FE5-AF7061719DE6}.Release MinDependency.ActiveCfg = Release|Win32
		{A6A834FD-35E7-4C24-9FE5-AF7061719DE6}.Release MinDependency.Build.0 = Release|Win32
		{A6A834FD-35E7-4C24-9FE5-AF7061719DE6}.Release MinSize.ActiveCfg = Release|Win32
		{A6A834FD-35E7-4C24-9FE5-AF7061719DE6}.Release MinSize.Build.0 = Release|Win32
		{741BCC1B-5E7D-478C-9045-AC8B47E9AB8E}.Debug.ActiveCfg = Debug|.NET
		{741BCC1B-5E7D-478C-9045-AC8B47E9AB8E}.Debug.Build.0 = Debug|.NET
		{741BCC1B-5E7D-478C-9045-AC8B47E9AB8E}.Release.ActiveCfg = Release|.NET
		{741BCC1B-5E7D-478C-9045-AC8B47E9AB8E}.Release.Build.0 = Release|.NET
		{741BCC1B-5E7D-478C-9045-AC8B47E9AB8E}.Release MinDependency.ActiveCfg = Release|.NET
		{741BCC1B-5E7D-478C-9045-AC8B47E9AB8E}.Release MinDependency.Build.0 = Release|.NET
		{741BCC1B-5E7D-478C-9045-AC8B47E9AB8E}.Release MinSize.ActiveCfg = Release|.NET
		{741BCC1B-5E7D-478C-9045-AC8B47E9AB8E}.Release MinSize.Build.0 = Release|.NET
		{F4326959-F2E9-4AE7-853A-7F0612ADACE7}.Debug.ActiveCfg = Debug|.NET
		{F4326959-F2E9-4AE7-853A-7F0612ADACE7}.Debug.Build.0 = Debug|.NET
		{F4326959-F2E9-4AE7-853A-7F0612ADACE7}.Release.ActiveCfg = Release|.NET
		{F4326959-F2E9-4AE7-853A-7F0612ADACE7}.Release.Build.0 = Release|.NET
		{F4326959-F2E9-4AE7-853A-7F0612ADACE7}.Release MinDependency.ActiveCfg = Release|.NET
		{F4326959-F2E9-4AE7-853A-7F0612ADACE7}.Release MinDependency.Build.0 = Release|.NET
		{F4326959-F2E9-4AE7-853A-7F0612ADACE7}.Release MinSize.ActiveCfg = Release|.NET
		{F4326959-F2E9-4AE7-853A-7F0612ADACE7}.Release MinSize.Build.0 = Release|.NET
		{0E18282D-D567-40DE-B938-D6DD6955B619}.Debug.ActiveCfg = Debug|.NET
		{0E18282D-D567-40DE-B938-D6DD6955B619}.Debug.Build.0 = Debug|.NET
		{0E18282D-D567-40DE-B938-D6DD6955B619}.Release.ActiveCfg = Release|.NET
		{0E18282D-D567-40DE-B938-D6DD6955B619}.Release.Build.0 = Release|.NET
		{0E18282D-D567-40DE-B938-D6DD6955B619}.Release MinDependency.ActiveCfg = Release|.NET
		{0E18282D-D567-40DE-B938-D6DD6955B619}.Release MinDependency.Build.0 = Release|.NET
		{0E18282D-D567-40DE-B938-D6DD6955B619}.Release MinSize.ActiveCfg = Release|.NET
		{0E18282D-D567-40DE-B938-D6DD6955B619}.Release MinSize.Build.0 = Release|.NET
		{94FCFD17-1A84-4896-810B-AC96A6B9866C}.Debug.ActiveCfg = Debug|.NET
		{94FCFD17-1A84-4896-810B-AC96A6B9866C}.Debug.Build.0 = Debug|.NET
		{94FCFD17-1A84-4896-810B-AC96A6B9866C}.Release.ActiveCfg = Release|.NET
		{94FCFD17-1A84-4896-810B-AC96A6B9866C}.Release.Build.0 = Release|.NET
		{94FCFD17-1A84-4896-810B-AC96A6B9866C}.Release MinDependency.ActiveCfg = Release|.NET
		{94FCFD17-1A84-4896-810B-AC96A6B9866C}.Release MinDependency.Build.0 = Release|.NET
		{94FCFD17-1A84-4896-810B-AC96A6B9866C}.Release MinSize.ActiveCfg = Release|.NET
		{94FCFD17-1A84-4896-810B-AC96A6B9866C}.Release MinSize.Build.0 = Release|.NET
		{1C4C3212-693E-45BD-983A-C8C74D83A167}.Debug.ActiveCfg = Debug|.NET
		{1C4C3212-693E-45BD-983A-C8C74D83A167}.Debug.Build.0 = Debug|.NET
		{1C4C3212-693E-45BD-983A-C8C74D83A167}.Release.ActiveCfg = Release|.NET
		{1C4C3212-693E-45BD-983A-C8C74D83A167}.Release.Build.0 = Release|.NET
		{1C4C3212-693E-45BD-983A-C8C74D83A167}.Release MinDependency.ActiveCfg = Release|.NET
		{1C4C3212-693E-45BD-983A-C8C74D83A167}.Release MinDependency.Build.0 = Release|.NET
		{1C4C3212-693E-45BD-983A-C8C74D83A167}.Release MinSize.ActiveCfg = Release|.NET
		{1C4C3212-693E-45BD-983A-C8C74D83A167}.Release MinSize.Build.0 = Release|.NET
		{6465D629-921D-4725-840E-EC4D5C583B6D}.Debug.ActiveCfg = Debug|.NET
		{6465D629-921D-4725-840E-EC4D5C583B6D}.Debug.Build.0 = Debug|.NET
		{6465D629-921D-4725-840E-EC4D5C583B6D}.Release.ActiveCfg = Release|.NET
		{6465D629-921D-4725-840E-EC4D5C583B6D}.Release.Build.0 = Release|.NET
		{6465D629-921D-4725-840E-EC4D5C583B6D}.Release MinDependency.ActiveCfg = Release|.NET
		{6465D629-921D-4725-840E-EC4D5C583B6D}.Release MinDependency.Build.0 = Release|.NET
		{6465D629-921D-4725-840E-EC4D5C583B6D}.Release MinSize.ActiveCfg = Release|.NET
		{6465D629-921D-4725-840E-EC4D5C583B6D}.Release MinSize.Build.0 = Release|.NET
		{C741B0D0-FFAF-428E-AFCE-191EBB3AA1FE}.Debug.ActiveCfg = Debug|.NET
		{C741B0D0-FFAF-428E-AFCE-191EBB3AA1FE}.Debug.Build.0 = Debug|.NET
		{C741B0D0-FFAF-428E-AFCE-191EBB3AA1FE}.Release.ActiveCfg = Release|.NET
		{C741B0D0-FFAF-428E-AFCE-191EBB3AA1FE}.Release.Build.0 = Release|.NET
		{C741B0D0-FFAF-428E-AFCE-191EBB3AA1FE}.Release MinDependency.ActiveCfg = Release|.NET
		{C741B0D0-FFAF-428E-AFCE-191EBB3AA1FE}.Release MinDependency.Build.0 = Release|.NET
		{C741B0D0-FFAF-428E-AFCE-191EBB3AA1FE}.Release MinSize.ActiveCfg = Release|.NET
		{C741B0D0-FFAF-428E-AFCE-191EBB3AA1FE}.Release MinSize.Build.0 = Release|.NET
		{66C11FCE-20B9-467A-8023-8D30F7D0EF5B}.Debug.ActiveCfg = Debug|Win32
		{66C11FCE-20B9-467A-8023-8D30F7D0EF5B}.Debug.Build.0 = Debug|Win32
		{66C11FCE-20B9-467A-8023-8D30F7D0EF5B}.Release.ActiveCfg = Unicode Release MinDependency|Win32
		{66C11FCE-20B9-467A-8023-8D30F7D0EF5B}.Release.Build.0 = Unicode Release MinDependency|Win32
		{66C11FCE-20B9-467A-8023-8D30F7D0EF5B}.Release MinDependency.ActiveCfg = Release MinDependency|Win32
		{66C11FCE-20B9-467A-8023-8D30F7D0EF5B}.Release MinDependency.Build.0 = Release MinDependency|Win32
		{66C11FCE-20B9-467A-8023-8D30F7D0EF5B}.Release MinSize.ActiveCfg = Release MinSize|Win32
		{66C11FCE-20B9-467A-8023-8D30F7D0EF5B}.Release MinSize.Build.0 = Release MinSize|Win32
	EndGlobalSection
	GlobalSection(ExtensibilityGlobals) = postSolution
	EndGlobalSection
	GlobalSection(ExtensibilityAddIns) = postSolution
	EndGlobalSection
	GlobalSection(DevPartner) = postSolution
	EndGlobalSection
	GlobalSection(DevPartner) = postSolution
	EndGlobalSection
	GlobalSection(DevPartner) = postSolution
	EndGlobalSection
	GlobalSection(DevPartner) = postSolution
	EndGlobalSection
	GlobalSection(DevPartner) = postSolution
	EndGlobalSection
	GlobalSection(DevPartner) = postSolution
	EndGlobalSection
	GlobalSection(DevPartner) = postSolution
	EndGlobalSection
	GlobalSection(DevPartner) = postSolution
	EndGlobalSection
EndGlobal
