// !$*UTF8*$!
{
	archiveVersion = 1;
	classes = {
	};
	objectVersion = 32;
	objects = {
		0187C790005582E90A0A0A23 = {
			isa = PBXFileReference;
			path = KNRoute.h;
			refType = 4;
		};
		0187C791005582E90A0A0A23 = {
			isa = PBXFileReference;
			path = KNRoute.m;
			refType = 4;
		};
		0187C79200558D760A0A0A23 = {
			isa = PBXFileReference;
			name = index.html;
			path = docs/index.html;
			refType = 4;
		};
		0187C7930055D1260A0A0A23 = {
			isa = PBXFileReference;
			path = kn_Server_private.h;
			refType = 4;
		};
		0187C7940056F0CC0A0A0A23 = {
			isa = PBXFileReference;
			path = kn_String_URI.h;
			refType = 4;
		};
		0187C7950056F0CC0A0A0A23 = {
			isa = PBXFileReference;
			path = kn_String_URI.c;
			refType = 4;
		};
		018B421C005EB86C0A0A0A23 = {
			isa = PBXFileReference;
			path = kn_test.m;
			refType = 4;
		};
		075854EA007192F10A0A0A23 = {
			isa = PBXFrameworkReference;
			path = KnowNow.framework;
			refType = 3;
		};
		075854EB007192F10A0A0A23 = {
			buildPhases = (
				075854ED007192F10A0A0A23,
				075854F2007192F10A0A0A23,
				075854F3007192F10A0A0A23,
				075854F8007192F10A0A0A23,
				075854FA007192F10A0A0A23,
			);
			buildSettings = {
				DEPLOYMENT_OPTIMIZATION_CFLAGS = "-O3";
				DYLIB_COMPATIBILITY_VERSION = 1;
				DYLIB_CURRENT_VERSION = 1;
				FRAMEWORK_VERSION = A;
				HEADER_SEARCH_PATHS = "$(SRCROOT)";
				INSTALL_PATH = /Library/Frameworks;
				LIBRARY_SEARCH_PATHS = .;
				OPTIMIZATION_CFLAGS = "";
				OTHER_CFLAGS = "";
				OTHER_LDFLAGS = "";
				OTHER_LIBTOOL_FLAGS = "";
				OTHER_REZFLAGS = "";
				PRINCIPAL_CLASS = "";
				PRODUCT_NAME = KnowNow;
				SECTORDER_FLAGS = "";
				WARNING_CFLAGS = "-Wall -Werror";
				WRAPPER_EXTENSION = framework;
			};
			conditionalBuildSettings = {
			};
			dependencies = (
				075854EC007192F10A0A0A23,
			);
			isa = PBXFrameworkTarget;
			name = Framework;
			productInstallPath = /Library/Frameworks;
			productName = Framework;
			productReference = 075854EA007192F10A0A0A23;
			productSettingsXML = "<?xml version=\"1.0\" encoding=\"UTF-8\"?>
<!DOCTYPE plist SYSTEM \"file://localhost/System/Library/DTDs/PropertyList.dtd\">
<plist version=\"0.9\">
<dict>
	<key>CFBundleDevelopmentRegion</key>
	<string>English</string>
	<key>CFBundleExecutable</key>
	<string>KnowNow</string>
	<key>CFBundleGetInfoString</key>
	<string>PubSub Client Library</string>
	<key>CFBundleIconFile</key>
	<string></string>
	<key>CFBundleIdentifier</key>
	<string>com.knownow.libkn-cocoa</string>
	<key>CFBundleInfoDictionaryVersion</key>
	<string>6.0</string>
	<key>CFBundleName</key>
	<string>PubSub Client Library</string>
	<key>CFBundlePackageType</key>
	<string>FMWK</string>
	<key>CFBundleShortVersionString</key>
	<string>PubSub Client Library version 0.0.1, © 2001-2002 KnowNow, Inc.</string>
	<key>CFBundleSignature</key>
	<string>????</string>
	<key>CFBundleVersion</key>
	<string>0.0.1</string>
	<key>NSHelpFile</key>
	<string></string>
	<key>NSPrincipalClass</key>
	<string></string>
</dict>
</plist>
";
			shouldUseHeadermap = 0;
		};
		075854EC007192F10A0A0A23 = {
			isa = PBXTargetDependency;
			target = 448D8DAD004C557D0A0A0A23;
		};
		075854ED007192F10A0A0A23 = {
			buildActionMask = 2147483647;
			files = (
				1BA73B950071AD5B0A0A0A23,
				075854EE007192F10A0A0A23,
				075854EF007192F10A0A0A23,
				075854F0007192F10A0A0A23,
				075854F1007192F10A0A0A23,
			);
			isa = PBXHeadersBuildPhase;
			name = Headers;
		};
		075854EE007192F10A0A0A23 = {
			fileRef = 6E5FCDC4005438FF0A0A0A23;
			isa = PBXBuildFile;
			settings = {
				ATTRIBUTES = (
					Public,
				);
			};
		};
		075854EF007192F10A0A0A23 = {
			fileRef = 6E5FCDC8005438FF0A0A0A23;
			isa = PBXBuildFile;
			settings = {
				ATTRIBUTES = (
					Public,
				);
			};
		};
		075854F0007192F10A0A0A23 = {
			fileRef = 6E5FCDC6005438FF0A0A0A23;
			isa = PBXBuildFile;
			settings = {
				ATTRIBUTES = (
					Public,
				);
			};
		};
		075854F1007192F10A0A0A23 = {
			fileRef = 0187C790005582E90A0A0A23;
			isa = PBXBuildFile;
			settings = {
				ATTRIBUTES = (
					Public,
				);
			};
		};
		075854F2007192F10A0A0A23 = {
			buildActionMask = 2147483647;
			files = (
			);
			isa = PBXResourcesBuildPhase;
			name = "Bundle Resources";
		};
		075854F3007192F10A0A0A23 = {
			buildActionMask = 2147483647;
			files = (
				075854F4007192F10A0A0A23,
				075854F5007192F10A0A0A23,
				075854F6007192F10A0A0A23,
				075854F7007192F10A0A0A23,
			);
			isa = PBXSourcesBuildPhase;
			name = Sources;
		};
		075854F4007192F10A0A0A23 = {
			fileRef = 6E5FCDC5005438FF0A0A0A23;
			isa = PBXBuildFile;
			settings = {
			};
		};
		075854F5007192F10A0A0A23 = {
			fileRef = 6E5FCDC9005438FF0A0A0A23;
			isa = PBXBuildFile;
			settings = {
			};
		};
		075854F6007192F10A0A0A23 = {
			fileRef = 6E5FCDC7005438FF0A0A0A23;
			isa = PBXBuildFile;
			settings = {
			};
		};
		075854F7007192F10A0A0A23 = {
			fileRef = 0187C791005582E90A0A0A23;
			isa = PBXBuildFile;
			settings = {
			};
		};
		075854F8007192F10A0A0A23 = {
			buildActionMask = 2147483647;
			files = (
				075854FC00719DA70A0A0A23,
				075854FF00719E660A0A0A23,
			);
			isa = PBXFrameworksBuildPhase;
			name = "Frameworks & Libraries";
		};
		075854FA007192F10A0A0A23 = {
			buildActionMask = 2147483647;
			files = (
			);
			isa = PBXRezBuildPhase;
			name = "ResourceManager Resources";
		};
		075854FB00719DA70A0A0A23 = {
			isa = PBXFileReference;
			path = libkn.dylib;
			refType = 4;
		};
		075854FC00719DA70A0A0A23 = {
			fileRef = 075854FB00719DA70A0A0A23;
			isa = PBXBuildFile;
			settings = {
			};
		};
		075854FD00719E660A0A0A23 = {
			children = (
				075854FE00719E660A0A0A23,
			);
			isa = PBXGroup;
			name = Frameworks;
			path = "";
			refType = 2;
		};
		075854FE00719E660A0A0A23 = {
			isa = PBXFrameworkReference;
			name = Foundation.framework;
			path = /System/Library/Frameworks/Foundation.framework;
			refType = 0;
		};
		075854FF00719E660A0A0A23 = {
			fileRef = 075854FE00719E660A0A0A23;
			isa = PBXBuildFile;
			settings = {
			};
		};
		0758550100719F1B0A0A0A23 = {
			isa = PBXExecutableFileReference;
			path = test_cocoa;
			refType = 3;
		};
		0758550200719F1B0A0A0A23 = {
			buildPhases = (
				0758550400719F1B0A0A0A23,
				0758550500719F1B0A0A0A23,
				0758550600719F1B0A0A0A23,
				0758550700719F1B0A0A0A23,
			);
			buildSettings = {
				DEPLOYMENT_OPTIMIZATION_CFLAGS = "-O3";
				HEADER_SEARCH_PATHS = .;
				LIBRARY_SEARCH_PATHS = .;
				OPTIMIZATION_CFLAGS = "";
				OTHER_CFLAGS = "";
				OTHER_LDFLAGS = "";
				OTHER_REZFLAGS = "";
				PRODUCT_NAME = test_cocoa;
				REZ_EXECUTABLE = YES;
				SECTORDER_FLAGS = "";
				WARNING_CFLAGS = "-Wall -Werror";
			};
			conditionalBuildSettings = {
			};
			dependencies = (
				0758550300719F1B0A0A0A23,
			);
			isa = PBXToolTarget;
			name = test_cocoa;
			productInstallPath = /usr/local/bin;
			productName = test;
			productReference = 0758550100719F1B0A0A0A23;
			shouldUseHeadermap = 0;
		};
		0758550300719F1B0A0A0A23 = {
			isa = PBXTargetDependency;
			target = 075854EB007192F10A0A0A23;
		};
		0758550400719F1B0A0A0A23 = {
			buildActionMask = 2147483647;
			files = (
			);
			isa = PBXHeadersBuildPhase;
			name = Headers;
		};
		0758550500719F1B0A0A0A23 = {
			buildActionMask = 2147483647;
			files = (
				0758550C0071A12A0A0A0A23,
			);
			isa = PBXSourcesBuildPhase;
			name = Sources;
		};
		0758550600719F1B0A0A0A23 = {
			buildActionMask = 2147483647;
			files = (
				0758550D0071A12A0A0A0A23,
				0758550E0071A12A0A0A0A23,
				1B31B9BF0071A24A0A0A0A23,
			);
			isa = PBXFrameworksBuildPhase;
			name = "Frameworks & Libraries";
		};
		0758550700719F1B0A0A0A23 = {
			buildActionMask = 2147483647;
			files = (
			);
			isa = PBXRezBuildPhase;
			name = "ResourceManager Resources";
		};
		075855090071A09F0A0A0A23 = {
			children = (
				0F7E4FCC00B2F8B70A0A1623,
				448D8D94004C543D0A0A0A23,
				448D8D95004C543D0A0A0A23,
				448D8D96004C543D0A0A0A23,
				448D8D97004C543D0A0A0A23,
				448D8D99004C543D0A0A0A23,
				58D83753004C695F0A0A0A23,
				448D8D9A004C543D0A0A0A23,
				448D8D9B004C543D0A0A0A23,
				448D8D9C004C543D0A0A0A23,
				448D8D9D004C543D0A0A0A23,
				448D8D9E004C543D0A0A0A23,
				0187C7940056F0CC0A0A0A23,
				0187C7950056F0CC0A0A0A23,
				448D8D9F004C543D0A0A0A23,
				448D8DA0004C543D0A0A0A23,
				448D8DA1004C543D0A0A0A23,
				448D8DA2004C543D0A0A0A23,
				448D8DA3004C543D0A0A0A23,
				448D8DA4004C543D0A0A0A23,
				58D8375E004C982E0A0A0A23,
				0187C7930055D1260A0A0A23,
				58D8375F004C982E0A0A0A23,
				3BC4B15400A774980A0A1623,
				3FA55DB50087760B0A0A0A23,
				3FA55DB60087760B0A0A0A23,
				3FA55DB70087760B0A0A0A23,
				6E5FCDCE005497430A0A0A23,
				6E5FCDCF005497430A0A0A23,
				448D8DA5004C543D0A0A0A23,
			);
			isa = PBXGroup;
			name = Source;
			path = "";
			refType = 4;
		};
		0758550A0071A12A0A0A0A23 = {
			children = (
				1BA73B940071AD5B0A0A0A23,
				6E5FCDC4005438FF0A0A0A23,
				6E5FCDC5005438FF0A0A0A23,
				6E5FCDC6005438FF0A0A0A23,
				6E5FCDC7005438FF0A0A0A23,
				6E5FCDC8005438FF0A0A0A23,
				6E5FCDC9005438FF0A0A0A23,
				0187C790005582E90A0A0A23,
				0187C791005582E90A0A0A23,
				018B421C005EB86C0A0A0A23,
			);
			isa = PBXGroup;
			name = Source;
			refType = 4;
		};
		0758550B0071A12A0A0A0A23 = {
			children = (
				075854EA007192F10A0A0A23,
				0758550100719F1B0A0A0A23,
			);
			isa = PBXGroup;
			name = Products;
			refType = 4;
		};
		0758550C0071A12A0A0A0A23 = {
			fileRef = 018B421C005EB86C0A0A0A23;
			isa = PBXBuildFile;
			settings = {
			};
		};
		0758550D0071A12A0A0A0A23 = {
			fileRef = 075854EA007192F10A0A0A23;
			isa = PBXBuildFile;
			settings = {
			};
		};
		0758550E0071A12A0A0A0A23 = {
			fileRef = 075854FE00719E660A0A0A23;
			isa = PBXBuildFile;
			settings = {
			};
		};
		094D316B00A21CB70A0A1623 = {
			isa = PBXFileReference;
			name = Makefile.in;
			path = docs/Makefile.in;
			refType = 4;
		};
		094D316C00A21CB70A0A1623 = {
			isa = PBXFileReference;
			name = objects.html.in;
			path = docs/objects.html.in;
			refType = 4;
		};
		094D316D00A21E260A0A1623 = {
			isa = PBXFileReference;
			name = objects.html;
			path = docs/objects.html;
			refType = 4;
		};
		094D316E00A22FEE0A0A1623 = {
			isa = PBXFileReference;
			name = ex_publish.html.in;
			path = docs/ex_publish.html.in;
			refType = 4;
		};
		094D316F00A2306D0A0A1623 = {
			children = (
				094D317000A2306D0A0A1623,
				094D317100A2306D0A0A1623,
			);
			isa = PBXGroup;
			name = Tools;
			path = "";
			refType = 4;
		};
		094D317000A2306D0A0A1623 = {
			isa = PBXFileReference;
			path = kn_publish.c;
			refType = 4;
		};
		094D317100A2306D0A0A1623 = {
			isa = PBXFileReference;
			path = kn_subscribe.c;
			refType = 4;
		};
		094D317200A236A50A0A1623 = {
			isa = PBXFileReference;
			name = ex_subscribe.html.in;
			path = docs/ex_subscribe.html.in;
			refType = 4;
		};
		0F7E4FC900B2F7FB0A0A1623 = {
			isa = PBXFileReference;
			path = NOTES;
			refType = 4;
		};
		0F7E4FCA00B2F7FB0A0A1623 = {
			isa = PBXFileReference;
			path = README;
			refType = 4;
		};
		0F7E4FCB00B2F7FB0A0A1623 = {
			isa = PBXExecutableFileReference;
			path = setup;
			refType = 4;
		};
		0F7E4FCC00B2F8B70A0A1623 = {
			children = (
				0F7E4FCA00B2F7FB0A0A1623,
				0F7E4FCB00B2F7FB0A0A1623,
				0F7E4FCD00B2F8B70A0A1623,
				0F7E4FCE00B2F8B70A0A1623,
				0F7E4FCF00B2F8B70A0A1623,
				0F7E4FD000B2F8B70A0A1623,
				0F7E4FD100B2F8B70A0A1623,
				0F7E4FD200B334EE0A0A1623,
			);
			isa = PBXGroup;
			name = "Build Support";
			refType = 4;
		};
		0F7E4FCD00B2F8B70A0A1623 = {
			isa = PBXFileReference;
			name = acconfig.h;
			path = buildconf/acconfig.h;
			refType = 4;
		};
		0F7E4FCE00B2F8B70A0A1623 = {
			isa = PBXFileReference;
			name = common.mk.in;
			path = buildconf/common.mk.in;
			refType = 4;
		};
		0F7E4FCF00B2F8B70A0A1623 = {
			isa = PBXExecutableFileReference;
			name = config.guess;
			path = buildconf/config.guess;
			refType = 4;
		};
		0F7E4FD000B2F8B70A0A1623 = {
			isa = PBXExecutableFileReference;
			name = config.sub;
			path = buildconf/config.sub;
			refType = 4;
		};
		0F7E4FD100B2F8B70A0A1623 = {
			isa = PBXExecutableFileReference;
			name = "install-sh";
			path = "buildconf/install-sh";
			refType = 4;
		};
		0F7E4FD200B334EE0A0A1623 = {
			isa = PBXFileReference;
			path = Makefile.in;
			refType = 4;
		};
		1934B73C00973EB50A0A0A23 = {
			isa = PBXFolderReference;
			name = kn_base;
			path = docs/kn_base;
			refType = 4;
		};
		1934B73D00973EB50A0A0A23 = {
			isa = PBXFolderReference;
			name = kn_Dictionary;
			path = docs/kn_Dictionary;
			refType = 4;
		};
		1934B73E00973EB50A0A0A23 = {
			isa = PBXFolderReference;
			name = kn_Error;
			path = docs/kn_Error;
			refType = 4;
		};
		1934B73F00973EB50A0A0A23 = {
			isa = PBXFolderReference;
			name = kn_Event;
			path = docs/kn_Event;
			refType = 4;
		};
		1934B74000973EB50A0A0A23 = {
			isa = PBXFolderReference;
			name = kn_Object;
			path = docs/kn_Object;
			refType = 4;
		};
		1934B74100973EB50A0A0A23 = {
			isa = PBXFolderReference;
			name = kn_Route;
			path = docs/kn_Route;
			refType = 4;
		};
		1934B74200973EB50A0A0A23 = {
			isa = PBXFolderReference;
			name = kn_Server;
			path = docs/kn_Server;
			refType = 4;
		};
		1934B74300973EB50A0A0A23 = {
			isa = PBXFolderReference;
			name = kn_String;
			path = docs/kn_String;
			refType = 4;
		};
		1934B74400973EB50A0A0A23 = {
			isa = PBXFolderReference;
			name = kn_String_URI;
			path = docs/kn_String_URI;
			refType = 4;
		};
		1934B74500973EB50A0A0A23 = {
			isa = PBXFolderReference;
			name = kn_String_WebEncoding;
			path = docs/kn_String_WebEncoding;
			refType = 4;
		};
		1934B74600973EE30A0A0A23 = {
			children = (
				0187C79200558D760A0A0A23,
				094D316D00A21E260A0A1623,
				1934B73C00973EB50A0A0A23,
				1934B73D00973EB50A0A0A23,
				1934B73E00973EB50A0A0A23,
				1934B73F00973EB50A0A0A23,
				1934B74000973EB50A0A0A23,
				1934B74100973EB50A0A0A23,
				1934B74200973EB50A0A0A23,
				1934B74300973EB50A0A0A23,
				1934B74400973EB50A0A0A23,
				1934B74500973EB50A0A0A23,
			);
			isa = PBXGroup;
			name = Documentation;
			refType = 4;
		};
		1B31B9BF0071A24A0A0A0A23 = {
			fileRef = 075854FB00719DA70A0A0A23;
			isa = PBXBuildFile;
			settings = {
			};
		};
		1B31B9C10071A3A60A0A0A23 = {
			isa = PBXExecutableFileReference;
			name = kn_test;
			path = build/kn_test;
			refType = 2;
		};
		1B31B9C20071A3A60A0A0A23 = {
			buildPhases = (
				1B31B9C30071A3A60A0A0A23,
				1B31B9C40071A3A60A0A0A23,
				1B31B9C50071A3A60A0A0A23,
				1B31B9C60071A3A60A0A0A23,
			);
			buildSettings = {
				DEPLOYMENT_OPTIMIZATION_CFLAGS = "-O3";
				HEADER_SEARCH_PATHS = .;
				LIBRARY_SEARCH_PATHS = .;
				OPTIMIZATION_CFLAGS = "";
				OTHER_CFLAGS = "";
				OTHER_LDFLAGS = "";
				OTHER_REZFLAGS = "";
				PRODUCT_NAME = kn_test;
				REZ_EXECUTABLE = YES;
				SECTORDER_FLAGS = "";
				WARNING_CFLAGS = "-Wall -Werror";
			};
			conditionalBuildSettings = {
			};
			dependencies = (
				1BA73B910071A44E0A0A0A23,
			);
			isa = PBXToolTarget;
			name = test_posix;
			productInstallPath = /usr/local/bin;
			productName = test_posix;
			productReference = 1B31B9C10071A3A60A0A0A23;
			shouldUseHeadermap = 0;
		};
		1B31B9C30071A3A60A0A0A23 = {
			buildActionMask = 2147483647;
			files = (
			);
			isa = PBXHeadersBuildPhase;
			name = Headers;
		};
		1B31B9C40071A3A60A0A0A23 = {
			buildActionMask = 2147483647;
			files = (
				1BA73B920071A44E0A0A0A23,
			);
			isa = PBXSourcesBuildPhase;
			name = Sources;
		};
		1B31B9C50071A3A60A0A0A23 = {
			buildActionMask = 2147483647;
			files = (
				1BA73B930071A44E0A0A0A23,
			);
			isa = PBXFrameworksBuildPhase;
			name = "Frameworks & Libraries";
		};
		1B31B9C60071A3A60A0A0A23 = {
			buildActionMask = 2147483647;
			files = (
			);
			isa = PBXRezBuildPhase;
			name = "ResourceManager Resources";
		};
		1BA73B910071A44E0A0A0A23 = {
			isa = PBXTargetDependency;
			target = 448D8DAD004C557D0A0A0A23;
		};
		1BA73B920071A44E0A0A0A23 = {
			fileRef = 448D8DA5004C543D0A0A0A23;
			isa = PBXBuildFile;
			settings = {
			};
		};
		1BA73B930071A44E0A0A0A23 = {
			fileRef = 075854FB00719DA70A0A0A23;
			isa = PBXBuildFile;
			settings = {
			};
		};
		1BA73B940071AD5B0A0A0A23 = {
			isa = PBXFileReference;
			path = KnowNow.h;
			refType = 4;
		};
		1BA73B950071AD5B0A0A0A23 = {
			fileRef = 1BA73B940071AD5B0A0A0A23;
			isa = PBXBuildFile;
			settings = {
				ATTRIBUTES = (
					Public,
				);
			};
		};
		3BC4B15400A774980A0A1623 = {
			isa = PBXFileReference;
			path = kn_Server_http.c;
			refType = 4;
		};
		3FA55DB50087760B0A0A0A23 = {
			isa = PBXFileReference;
			path = kn_Server_publish.c;
			refType = 4;
		};
		3FA55DB60087760B0A0A0A23 = {
			isa = PBXFileReference;
			path = kn_Server_subscribe.c;
			refType = 4;
		};
		3FA55DB70087760B0A0A0A23 = {
			isa = PBXFileReference;
			path = kn_Server_callback.c;
			refType = 4;
		};
		448D8D90004C53850A0A0A23 = {
			buildStyles = (
				57C8A5CF004C57590A0A0A23,
				57C8A5D0004C57590A0A0A23,
			);
			isa = PBXProject;
			mainGroup = 448D8D91004C53850A0A0A23;
			productRefGroup = 448D8D91004C53850A0A0A23;
			projectDirPath = .;
			targets = (
				075854EB007192F10A0A0A23,
				0758550200719F1B0A0A0A23,
				448D8DAD004C557D0A0A0A23,
				1B31B9C20071A3A60A0A0A23,
			);
		};
		448D8D91004C53850A0A0A23 = {
			children = (
				0F7E4FC900B2F7FB0A0A1623,
				448D8D92004C53BC0A0A0A23,
				6E5FCDC2005438FF0A0A0A23,
			);
			isa = PBXGroup;
			refType = 4;
		};
		448D8D92004C53BC0A0A0A23 = {
			children = (
				075855090071A09F0A0A0A23,
				094D316F00A2306D0A0A1623,
				448D8DA9004C552D0A0A0A23,
				58D83758004C8AF00A0A0A23,
			);
			isa = PBXGroup;
			name = "POSIX Library";
			path = "";
			refType = 4;
		};
		448D8D94004C543D0A0A0A23 = {
			isa = PBXFileReference;
			path = kn_base.h;
			refType = 4;
		};
		448D8D95004C543D0A0A0A23 = {
			isa = PBXFileReference;
			path = kn_base.c;
			refType = 4;
		};
		448D8D96004C543D0A0A0A23 = {
			isa = PBXFileReference;
			path = kn_Error.h;
			refType = 4;
		};
		448D8D97004C543D0A0A0A23 = {
			isa = PBXFileReference;
			path = kn_Error.c;
			refType = 4;
		};
		448D8D99004C543D0A0A0A23 = {
			isa = PBXFileReference;
			path = kn_Object.h;
			refType = 4;
		};
		448D8D9A004C543D0A0A0A23 = {
			isa = PBXFileReference;
			path = kn_Object.c;
			refType = 4;
		};
		448D8D9B004C543D0A0A0A23 = {
			isa = PBXFileReference;
			path = kn_String.h;
			refType = 4;
		};
		448D8D9C004C543D0A0A0A23 = {
			isa = PBXFileReference;
			path = kn_String.c;
			refType = 4;
		};
		448D8D9D004C543D0A0A0A23 = {
			isa = PBXFileReference;
			path = apr_base64.h;
			refType = 4;
		};
		448D8D9E004C543D0A0A0A23 = {
			isa = PBXFileReference;
			path = apr_base64.c;
			refType = 4;
		};
		448D8D9F004C543D0A0A0A23 = {
			isa = PBXFileReference;
			path = kn_String_WebEncoding.h;
			refType = 4;
		};
		448D8DA0004C543D0A0A0A23 = {
			isa = PBXFileReference;
			path = kn_String_WebEncoding.c;
			refType = 4;
		};
		448D8DA1004C543D0A0A0A23 = {
			isa = PBXFileReference;
			path = kn_Dictionary.h;
			refType = 4;
		};
		448D8DA2004C543D0A0A0A23 = {
			isa = PBXFileReference;
			path = kn_Dictionary.c;
			refType = 4;
		};
		448D8DA3004C543D0A0A0A23 = {
			isa = PBXFileReference;
			path = kn_Event.h;
			refType = 4;
		};
		448D8DA4004C543D0A0A0A23 = {
			isa = PBXFileReference;
			path = kn_Event.c;
			refType = 4;
		};
		448D8DA5004C543D0A0A0A23 = {
			isa = PBXFileReference;
			path = kn_test.c;
			refType = 4;
		};
		448D8DA9004C552D0A0A0A23 = {
			children = (
				094D316B00A21CB70A0A1623,
				448D8DAC004C552D0A0A0A23,
				094D316C00A21CB70A0A1623,
				094D316E00A22FEE0A0A1623,
				094D317200A236A50A0A1623,
				448D8DAB004C552D0A0A0A23,
			);
			isa = PBXGroup;
			name = Documentation;
			path = "";
			refType = 4;
		};
		448D8DAB004C552D0A0A0A23 = {
			isa = PBXFileReference;
			name = headerDoc2HTML.config;
			path = docs/headerDoc2HTML.config;
			refType = 4;
		};
		448D8DAC004C552D0A0A0A23 = {
			isa = PBXFileReference;
			name = index.html.in;
			path = docs/index.html.in;
			refType = 4;
		};
		448D8DAD004C557D0A0A0A23 = {
			buildArgumentsString = "-c \"./setup && make $ACTION DSTROOT=\\\"$DSTROOT\\\"\"";
			buildPhases = (
			);
			buildSettings = {
				PRODUCT_NAME = debug;
			};
			buildToolPath = /bin/sh;
			buildWorkingDirectory = "";
			conditionalBuildSettings = {
			};
			dependencies = (
			);
			isa = PBXLegacyTarget;
			name = library;
			productName = debug;
			settingsToExpand = 6;
			settingsToPassInEnvironment = 287;
			settingsToPassOnCommandLine = 280;
			shouldUseHeadermap = 0;
		};
		57C8A5CF004C57590A0A0A23 = {
			buildRules = (
			);
			buildSettings = {
				COPY_PHASE_STRIP = NO;
			};
			isa = PBXBuildStyle;
			name = Development;
		};
		57C8A5D0004C57590A0A0A23 = {
			buildRules = (
			);
			buildSettings = {
				COPY_PHASE_STRIP = YES;
			};
			isa = PBXBuildStyle;
			name = Deployment;
		};
		58D83753004C695F0A0A0A23 = {
			isa = PBXFileReference;
			path = kn_Object_private.h;
			refType = 4;
		};
		58D83758004C8AF00A0A0A23 = {
			children = (
				58D83759004C8B1F0A0A0A23,
				075854FB00719DA70A0A0A23,
				1B31B9C10071A3A60A0A0A23,
				1934B74600973EE30A0A0A23,
			);
			isa = PBXGroup;
			name = Products;
			path = "";
			refType = 2;
		};
		58D83759004C8B1F0A0A0A23 = {
			isa = PBXFileReference;
			path = kn.h;
			refType = 4;
		};
		58D8375E004C982E0A0A0A23 = {
			isa = PBXFileReference;
			path = kn_Server.h;
			refType = 4;
		};
		58D8375F004C982E0A0A0A23 = {
			isa = PBXFileReference;
			path = kn_Server.c;
			refType = 4;
		};
		6E5FCDC2005438FF0A0A0A23 = {
			children = (
				0758550A0071A12A0A0A0A23,
				075854FD00719E660A0A0A23,
				0758550B0071A12A0A0A0A23,
			);
			isa = PBXGroup;
			name = "Cocoa Library";
			path = Cocoa;
			refType = 4;
		};
		6E5FCDC4005438FF0A0A0A23 = {
			isa = PBXFileReference;
			path = FoundationExtensions.h;
			refType = 4;
		};
		6E5FCDC5005438FF0A0A0A23 = {
			isa = PBXFileReference;
			path = FoundationExtensions.m;
			refType = 4;
		};
		6E5FCDC6005438FF0A0A0A23 = {
			isa = PBXFileReference;
			path = KNEvent.h;
			refType = 4;
		};
		6E5FCDC7005438FF0A0A0A23 = {
			isa = PBXFileReference;
			path = KNEvent.m;
			refType = 4;
		};
		6E5FCDC8005438FF0A0A0A23 = {
			isa = PBXFileReference;
			path = KNServer.h;
			refType = 4;
		};
		6E5FCDC9005438FF0A0A0A23 = {
			isa = PBXFileReference;
			path = KNServer.m;
			refType = 4;
		};
		6E5FCDCE005497430A0A0A23 = {
			isa = PBXFileReference;
			path = kn_Route.h;
			refType = 4;
		};
		6E5FCDCF005497430A0A0A23 = {
			isa = PBXFileReference;
			path = kn_Route.c;
			refType = 4;
		};
	};
	rootObject = 448D8D90004C53850A0A0A23;
}
